<?xml version="1.0" encoding="utf-8"?>
<Project ToolsVersion="4.0" xmlns="http://schemas.microsoft.com/developer/msbuild/2003">
  <ItemGroup>
    <Filter Include="nvse">
      <UniqueIdentifier>{92a4f350-f2ec-4fca-bdd3-927732d91b34}</UniqueIdentifier>
    </Filter>
    <Filter Include="internal">
      <UniqueIdentifier>{97bd151b-5034-401b-8670-08f3c99fee21}</UniqueIdentifier>
    </Filter>
    <Filter Include="internal\Game">
      <UniqueIdentifier>{c220bb6c-be1f-43ef-aee0-f3f44a34893b}</UniqueIdentifier>
    </Filter>
    <Filter Include="internal\Game\Bethesda">
      <UniqueIdentifier>{1553f5e9-626f-4b4f-9ccc-ffd3d2be7be2}</UniqueIdentifier>
    </Filter>
    <Filter Include="internal\Game\Gamebryo">
      <UniqueIdentifier>{5b472533-0cfa-4c55-909f-f1ec2fb3bc43}</UniqueIdentifier>
    </Filter>
  </ItemGroup>
  <ItemGroup>
    <ClCompile Include="dllmain.c" />
    <ClCompile Include="main.cpp" />
    <ClCompile Include="Internal\CubemapRender.cpp">
      <Filter>internal</Filter>
    </ClCompile>
    <ClCompile Include="internal\Gamebryo\NiAVObject.cpp">
      <Filter>internal\Game\Gamebryo</Filter>
    </ClCompile>
    <ClCompile Include="internal\Bethesda\BSString.cpp">
      <Filter>internal\Game\Bethesda</Filter>
    </ClCompile>
    <ClCompile Include="internal\Bethesda\PlayerCharacter.cpp">
      <Filter>internal\Game\Bethesda</Filter>
    </ClCompile>
    <ClCompile Include="internal\Gamebryo\NiFixedString.cpp">
      <Filter>internal\Game\Gamebryo</Filter>
    </ClCompile>
    <ClCompile Include="internal\Gamebryo\NiBound.cpp">
      <Filter>internal\Game\Gamebryo</Filter>
    </ClCompile>
    <ClCompile Include="internal\Bethesda\BSCubeMapCamera.cpp">
      <Filter>internal\Game\Bethesda</Filter>
    </ClCompile>
    <ClCompile Include="internal\Gamebryo\NiGlobalStringTable.cpp">
      <Filter>internal\Game\Gamebryo</Filter>
    </ClCompile>
    <ClCompile Include="internal\Gamebryo\NiDX9Renderer.cpp">
      <Filter>internal\Game\Gamebryo</Filter>
    </ClCompile>
    <ClCompile Include="internal\Gamebryo\NiRenderer.cpp">
      <Filter>internal\Game\Gamebryo</Filter>
    </ClCompile>
    <ClCompile Include="internal\Bethesda\TES.cpp">
      <Filter>internal\Game\Bethesda</Filter>
    </ClCompile>
    <ClCompile Include="internal\Bethesda\MTRenderingSystem.cpp">
      <Filter>internal\Game\Bethesda</Filter>
    </ClCompile>
    <ClCompile Include="internal\Bethesda\TESWater.cpp">
      <Filter>internal\Game\Bethesda</Filter>
    </ClCompile>
    <ClCompile Include="internal\Bethesda\BSTextureManager.cpp">
      <Filter>internal\Game\Bethesda</Filter>
    </ClCompile>
    <ClCompile Include="internal\Gamebryo\NiRenderTargetGroup.cpp">
      <Filter>internal\Game\Gamebryo</Filter>
    </ClCompile>
    <ClCompile Include="internal\Bethesda\BSShaderUtil.cpp">
      <Filter>internal\Game\Bethesda</Filter>
    </ClCompile>
    <ClCompile Include="internal\Bethesda\BGSTerrainManager.cpp">
      <Filter>internal\Game\Bethesda</Filter>
    </ClCompile>
    <ClCompile Include="internal\Bethesda\TESObjectCELL.cpp">
      <Filter>internal\Game\Bethesda</Filter>
    </ClCompile>
    <ClCompile Include="internal\Bethesda\TESMain.cpp">
      <Filter>internal\Game\Bethesda</Filter>
    </ClCompile>
    <ClCompile Include="internal\Bethesda\Actor.cpp">
      <Filter>internal\Game\Bethesda</Filter>
    </ClCompile>
    <ClCompile Include="internal\Bethesda\TESWorldSpace.cpp">
      <Filter>internal\Game\Bethesda</Filter>
    </ClCompile>
    <ClCompile Include="internal\Bethesda\BSRenderedTexture.cpp">
      <Filter>internal\Game\Bethesda</Filter>
    </ClCompile>
    <ClCompile Include="internal\Gamebryo\NiNode.cpp">
      <Filter>internal\Game\Gamebryo</Filter>
    </ClCompile>
    <ClCompile Include="internal\Bethesda\GridCellArray.cpp">
      <Filter>internal\Game\Bethesda</Filter>
    </ClCompile>
    <ClCompile Include="internal\Gamebryo\NiCullingProcess.cpp">
      <Filter>internal\Game\Gamebryo</Filter>
    </ClCompile>
    <ClCompile Include="internal\Bethesda\BSShaderAccumulator.cpp">
      <Filter>internal\Game\Bethesda</Filter>
    </ClCompile>
    <ClCompile Include="internal\Bethesda\MemoryManager.cpp">
      <Filter>internal\Game\Bethesda</Filter>
    </ClCompile>
    <ClCompile Include="internal\Bethesda\ScrapHeap.cpp">
      <Filter>internal\Game\Bethesda</Filter>
    </ClCompile>
    <ClCompile Include="internal\Bethesda\BSRenderer.cpp">
      <Filter>internal\Game\Bethesda</Filter>
    </ClCompile>
    <ClCompile Include="internal\Gamebryo\NiTriBasedGeom.cpp">
      <Filter>internal\Game\Gamebryo</Filter>
    </ClCompile>
    <ClCompile Include="internal\Bethesda\ImageSpaceManager.cpp">
      <Filter>internal\Game\Bethesda</Filter>
    </ClCompile>
    <ClCompile Include="internal\Bethesda\ImageSpaceTexture.cpp">
      <Filter>internal\Game\Bethesda</Filter>
    </ClCompile>
    <ClCompile Include="internal\Gamebryo\NiFrustumPlanes.cpp">
      <Filter>internal\Game\Gamebryo</Filter>
    </ClCompile>
    <ClCompile Include="internal\Bethesda\BSCullingProcess.cpp">
      <Filter>internal\Game\Bethesda</Filter>
    </ClCompile>
    <ClCompile Include="internal\Gamebryo\NiMemory.cpp">
      <Filter>internal\Game\Gamebryo</Filter>
    </ClCompile>
    <ClCompile Include="..\nvse\nvse\SafeWrite.cpp">
      <Filter>nvse</Filter>
    </ClCompile>
    <ClCompile Include="internal\Bethesda\BSFile.cpp">
      <Filter>internal\Game\Bethesda</Filter>
    </ClCompile>
    <ClCompile Include="internal\Bethesda\BSShader.cpp">
      <Filter>internal\Game\Bethesda</Filter>
    </ClCompile>
    <ClCompile Include="internal\Gamebryo\NiD3DPixelShader.cpp">
      <Filter>internal\Game\Gamebryo</Filter>
    </ClCompile>
    <ClCompile Include="internal\Gamebryo\NiDX9RenderedCubeMapData.cpp">
      <Filter>internal\Game\Gamebryo</Filter>
    </ClCompile>
    <ClCompile Include="Internal\Bethesda\BSShaderManager.cpp">
      <Filter>internal\Game\Bethesda</Filter>
    </ClCompile>
    <ClCompile Include="internal\Gamebryo\NiObjectNET.cpp">
      <Filter>internal\Game\Gamebryo</Filter>
    </ClCompile>
    <ClCompile Include="internal\Gamebryo\NiD3DTextureStage.cpp">
      <Filter>internal\Game\Gamebryo</Filter>
    </ClCompile>
    <ClCompile Include="internal\Bethesda\ShadowLightShader.cpp">
      <Filter>internal\Game\Bethesda</Filter>
    </ClCompile>
    <ClCompile Include="internal\Gamebryo\NiD3DShader.cpp">
      <Filter>internal\Game\Gamebryo</Filter>
    </ClCompile>
  </ItemGroup>
  <ItemGroup>
    <ClInclude Include="internal\Defines.hpp">
      <Filter>internal</Filter>
    </ClInclude>
    <ClInclude Include="Internal\CubemapRender.hpp">
      <Filter>internal</Filter>
    </ClInclude>
    <ClInclude Include="internal\tList.hpp">
      <Filter>internal</Filter>
    </ClInclude>
  </ItemGroup>
  <ItemGroup>
    <None Include="exports.def" />
    <None Include="packages.config" />
  </ItemGroup>
</Project>